{
  "name": "tea-club-public",
  "version": "1.0.0",
  "lockfileVersion": 1,
  "requires": true,
  "dependencies": {
    "uview-ui": {
      "version": "2.0.36",
      "resolved": "https://registry.npmjs.org/uview-ui/-/uview-ui-2.0.36.tgz",
      "integrity": "sha512-ASSZT6M8w3GTO1eFPbsgEFV0U5UujK+8pTNr+MSUbRNcRMC1u63DDTLJVeArV91kWM0bfAexK3SK9pnTqF9TtA=="
    }
  }
}
